# This file is autogenerated, do not edit; changes may be undone by the next 'dep ensure'.


[[projects]]
  name = "github.com/benmai/dep-test-a"
  packages = ["."]
  revision = "bfe5ef24b86ad8946c91275fcde1739f0d4bf12b"

[[projects]]
  branch = "master"
  name = "github.com/benmai/dep-test-b"
  packages = ["."]
  revision = "7a70e4a8839ace255f6155e95da0e91bf360b729"

[solve-meta]
  analyzer-name = "dep"
  analyzer-version = 1
  inputs-digest = "a14f7b9dfb96bb3d966865a120cc4df3865ae243497a31cc4353d1da1ff7be78"
  solver-name = "gps-cdcl"
  solver-version = 1
